
Microsoft Visual Studio Solution File, Format Version 10.00
# Visual Studio 2008
Project("{FAE04EC0-301F-11D3-BF4B-00C04F79EFBC}") = "LineGraph", "LineGraph\LineGraph.csproj", "{348DB38B-EB1A-4EC2-881E-4695652035D7}"
EndProject
Project("{FAE04EC0-301F-11D3-BF4B-00C04F79EFBC}") = "Test", "Test\Test.csproj", "{D1D6FD5D-5142-4974-A770-756D084AA8D2}"
EndProject
Global
	GlobalSection(SolutionConfigurationPlatforms) = preSolution
		Debug|Any CPU = Debug|Any CPU
		Release|Any CPU = Release|Any CPU
	EndGlobalSection
	GlobalSection(ProjectConfigurationPlatforms) = postSolution
		{348DB38B-EB1A-4EC2-881E-4695652035D7}.Debug|Any CPU.ActiveCfg = Debug|Any CPU
		{348DB38B-EB1A-4EC2-881E-4695652035D7}.Debug|Any CPU.Build.0 = Debug|Any CPU
		{348DB38B-EB1A-4EC2-881E-4695652035D7}.Release|Any CPU.ActiveCfg = Release|Any CPU
		{348DB38B-EB1A-4EC2-881E-4695652035D7}.Release|Any CPU.Build.0 = Release|Any CPU
		{D1D6FD5D-5142-4974-A770-756D084AA8D2}.Debug|Any CPU.ActiveCfg = Debug|Any CPU
		{D1D6FD5D-5142-4974-A770-756D084AA8D2}.Debug|Any CPU.Build.0 = Debug|Any CPU
		{D1D6FD5D-5142-4974-A770-756D084AA8D2}.Release|Any CPU.ActiveCfg = Release|Any CPU
		{D1D6FD5D-5142-4974-A770-756D084AA8D2}.Release|Any CPU.Build.0 = Release|Any CPU
	EndGlobalSection
	GlobalSection(SolutionProperties) = preSolution
		HideSolutionNode = FALSE
	EndGlobalSection
EndGlobal
