
Microsoft Visual Studio Solution File, Format Version 11.00
# Visual Studio 2010
Project("{FAE04EC0-301F-11D3-BF4B-00C04F79EFBC}") = "PWMtest", "PWM\PWMtest.csproj", "{D04FDCD4-1A01-4589-A2C9-701EF8E80F1B}"
EndProject
Project("{FAE04EC0-301F-11D3-BF4B-00C04F79EFBC}") = "PanTiltServo", "PanTiltServo\PanTiltServo.csproj", "{14FBA482-0C28-4A2E-8870-9D1AE436E0E2}"
EndProject
Global
	GlobalSection(SolutionConfigurationPlatforms) = preSolution
		Debug|Any CPU = Debug|Any CPU
		Debug|Mixed Platforms = Debug|Mixed Platforms
		Debug|x86 = Debug|x86
		Release|Any CPU = Release|Any CPU
		Release|Mixed Platforms = Release|Mixed Platforms
		Release|x86 = Release|x86
	EndGlobalSection
	GlobalSection(ProjectConfigurationPlatforms) = postSolution
		{D04FDCD4-1A01-4589-A2C9-701EF8E80F1B}.Debug|Any CPU.ActiveCfg = Debug|Any CPU
		{D04FDCD4-1A01-4589-A2C9-701EF8E80F1B}.Debug|Any CPU.Build.0 = Debug|Any CPU
		{D04FDCD4-1A01-4589-A2C9-701EF8E80F1B}.Debug|Any CPU.Deploy.0 = Debug|Any CPU
		{D04FDCD4-1A01-4589-A2C9-701EF8E80F1B}.Debug|Mixed Platforms.ActiveCfg = Debug|Any CPU
		{D04FDCD4-1A01-4589-A2C9-701EF8E80F1B}.Debug|Mixed Platforms.Build.0 = Debug|Any CPU
		{D04FDCD4-1A01-4589-A2C9-701EF8E80F1B}.Debug|Mixed Platforms.Deploy.0 = Debug|Any CPU
		{D04FDCD4-1A01-4589-A2C9-701EF8E80F1B}.Debug|x86.ActiveCfg = Debug|Any CPU
		{D04FDCD4-1A01-4589-A2C9-701EF8E80F1B}.Release|Any CPU.ActiveCfg = Release|Any CPU
		{D04FDCD4-1A01-4589-A2C9-701EF8E80F1B}.Release|Any CPU.Build.0 = Release|Any CPU
		{D04FDCD4-1A01-4589-A2C9-701EF8E80F1B}.Release|Any CPU.Deploy.0 = Release|Any CPU
		{D04FDCD4-1A01-4589-A2C9-701EF8E80F1B}.Release|Mixed Platforms.ActiveCfg = Release|Any CPU
		{D04FDCD4-1A01-4589-A2C9-701EF8E80F1B}.Release|Mixed Platforms.Build.0 = Release|Any CPU
		{D04FDCD4-1A01-4589-A2C9-701EF8E80F1B}.Release|Mixed Platforms.Deploy.0 = Release|Any CPU
		{D04FDCD4-1A01-4589-A2C9-701EF8E80F1B}.Release|x86.ActiveCfg = Release|Any CPU
		{14FBA482-0C28-4A2E-8870-9D1AE436E0E2}.Debug|Any CPU.ActiveCfg = Debug|Any CPU
		{14FBA482-0C28-4A2E-8870-9D1AE436E0E2}.Debug|Any CPU.Build.0 = Debug|Any CPU
		{14FBA482-0C28-4A2E-8870-9D1AE436E0E2}.Debug|Any CPU.Deploy.0 = Debug|Any CPU
		{14FBA482-0C28-4A2E-8870-9D1AE436E0E2}.Debug|Mixed Platforms.ActiveCfg = Debug|Any CPU
		{14FBA482-0C28-4A2E-8870-9D1AE436E0E2}.Debug|Mixed Platforms.Build.0 = Debug|Any CPU
		{14FBA482-0C28-4A2E-8870-9D1AE436E0E2}.Debug|Mixed Platforms.Deploy.0 = Debug|Any CPU
		{14FBA482-0C28-4A2E-8870-9D1AE436E0E2}.Debug|x86.ActiveCfg = Debug|Any CPU
		{14FBA482-0C28-4A2E-8870-9D1AE436E0E2}.Release|Any CPU.ActiveCfg = Release|Any CPU
		{14FBA482-0C28-4A2E-8870-9D1AE436E0E2}.Release|Any CPU.Build.0 = Release|Any CPU
		{14FBA482-0C28-4A2E-8870-9D1AE436E0E2}.Release|Any CPU.Deploy.0 = Release|Any CPU
		{14FBA482-0C28-4A2E-8870-9D1AE436E0E2}.Release|Mixed Platforms.ActiveCfg = Release|Any CPU
		{14FBA482-0C28-4A2E-8870-9D1AE436E0E2}.Release|Mixed Platforms.Build.0 = Release|Any CPU
		{14FBA482-0C28-4A2E-8870-9D1AE436E0E2}.Release|Mixed Platforms.Deploy.0 = Release|Any CPU
		{14FBA482-0C28-4A2E-8870-9D1AE436E0E2}.Release|x86.ActiveCfg = Release|Any CPU
	EndGlobalSection
	GlobalSection(SolutionProperties) = preSolution
		HideSolutionNode = FALSE
	EndGlobalSection
EndGlobal
